
Microsoft Visual Studio Solution File, Format Version 12.00
# Visual Studio Version 17
VisualStudioVersion = 17.3.32922.545
MinimumVisualStudioVersion = 10.0.40219.1
Project("{8BC9CEB8-8B4A-11D0-8D11-00A0C91BC942}") = "GraphicsTemplate", "GraphicsTemplate\GraphicsTemplate.vcxproj", "{B3446CE8-AA99-4BEE-B136-B3EE3374FC64}"
EndProject
Global
	GlobalSection(SolutionConfigurationPlatforms) = preSolution
		Debug (with imgui)|x64 = Debug (with imgui)|x64
		Debug|x64 = Debug|x64
		Release (with imgui)|x64 = Release (with imgui)|x64
		Release|x64 = Release|x64
	EndGlobalSection
	GlobalSection(ProjectConfigurationPlatforms) = postSolution
		{B3446CE8-AA99-4BEE-B136-B3EE3374FC64}.Debug (with imgui)|x64.ActiveCfg = Debug (with imgui)|x64
		{B3446CE8-AA99-4BEE-B136-B3EE3374FC64}.Debug (with imgui)|x64.Build.0 = Debug (with imgui)|x64
		{B3446CE8-AA99-4BEE-B136-B3EE3374FC64}.Debug|x64.ActiveCfg = Debug|x64
		{B3446CE8-AA99-4BEE-B136-B3EE3374FC64}.Debug|x64.Build.0 = Debug|x64
		{B3446CE8-AA99-4BEE-B136-B3EE3374FC64}.Release (with imgui)|x64.ActiveCfg = Release (with imgui)|x64
		{B3446CE8-AA99-4BEE-B136-B3EE3374FC64}.Release (with imgui)|x64.Build.0 = Release (with imgui)|x64
		{B3446CE8-AA99-4BEE-B136-B3EE3374FC64}.Release|x64.ActiveCfg = Release|x64
		{B3446CE8-AA99-4BEE-B136-B3EE3374FC64}.Release|x64.Build.0 = Release|x64
	EndGlobalSection
	GlobalSection(SolutionProperties) = preSolution
		HideSolutionNode = FALSE
	EndGlobalSection
	GlobalSection(ExtensibilityGlobals) = postSolution
		SolutionGuid = {17DCBC25-67D9-46AD-88EF-8D5235F61C9A}
	EndGlobalSection
EndGlobal
